
Microsoft Visual Studio Solution File, Format Version 12.00
# Visual Studio Version 17
VisualStudioVersion = 17.0.31903.59
MinimumVisualStudioVersion = 10.0.40219.1
Project("{9A19103F-16F7-4668-BE54-9A1E7A4F7556}") = "MauiFeed", "MauiFeed\MauiFeed.csproj", "{84439FF9-8EDC-4C8E-BCD9-526AAAC95F79}"
EndProject
Project("{9A19103F-16F7-4668-BE54-9A1E7A4F7556}") = "MauiFeed.WinUI", "MauiFeed.WinUI\MauiFeed.WinUI.csproj", "{B4530D95-D303-4557-BB18-833CE95E5544}"
EndProject
Project("{9A19103F-16F7-4668-BE54-9A1E7A4F7556}") = "SmartReader", "..\external\SmartReader\src\SmartReader\SmartReader.csproj", "{E2C21AA1-FA41-4FC0-B822-CF46858B38F3}"
EndProject
Project("{2150E333-8FDC-42A3-9474-1A3956D46DE8}") = "External", "External", "{30A1549F-A887-4DF3-AD99-EAD8F1C9BCAD}"
EndProject
Project("{9A19103F-16F7-4668-BE54-9A1E7A4F7556}") = "MauiFeed.Tests", "MauiFeed.Tests\MauiFeed.Tests.csproj", "{CA616CC6-2127-4DF8-94BF-CC0D5233983B}"
EndProject
Global
	GlobalSection(SolutionConfigurationPlatforms) = preSolution
		Debug|Any CPU = Debug|Any CPU
		Debug|ARM64 = Debug|ARM64
		Debug|x64 = Debug|x64
		Debug|x86 = Debug|x86
		Release|Any CPU = Release|Any CPU
		Release|ARM64 = Release|ARM64
		Release|x64 = Release|x64
		Release|x86 = Release|x86
	EndGlobalSection
	GlobalSection(ProjectConfigurationPlatforms) = postSolution
		{84439FF9-8EDC-4C8E-BCD9-526AAAC95F79}.Debug|Any CPU.ActiveCfg = Debug|Any CPU
		{84439FF9-8EDC-4C8E-BCD9-526AAAC95F79}.Debug|Any CPU.Build.0 = Debug|Any CPU
		{84439FF9-8EDC-4C8E-BCD9-526AAAC95F79}.Debug|ARM64.ActiveCfg = Debug|Any CPU
		{84439FF9-8EDC-4C8E-BCD9-526AAAC95F79}.Debug|ARM64.Build.0 = Debug|Any CPU
		{84439FF9-8EDC-4C8E-BCD9-526AAAC95F79}.Debug|x64.ActiveCfg = Debug|Any CPU
		{84439FF9-8EDC-4C8E-BCD9-526AAAC95F79}.Debug|x64.Build.0 = Debug|Any CPU
		{84439FF9-8EDC-4C8E-BCD9-526AAAC95F79}.Debug|x86.ActiveCfg = Debug|Any CPU
		{84439FF9-8EDC-4C8E-BCD9-526AAAC95F79}.Debug|x86.Build.0 = Debug|Any CPU
		{84439FF9-8EDC-4C8E-BCD9-526AAAC95F79}.Release|Any CPU.ActiveCfg = Release|Any CPU
		{84439FF9-8EDC-4C8E-BCD9-526AAAC95F79}.Release|Any CPU.Build.0 = Release|Any CPU
		{84439FF9-8EDC-4C8E-BCD9-526AAAC95F79}.Release|ARM64.ActiveCfg = Release|Any CPU
		{84439FF9-8EDC-4C8E-BCD9-526AAAC95F79}.Release|ARM64.Build.0 = Release|Any CPU
		{84439FF9-8EDC-4C8E-BCD9-526AAAC95F79}.Release|x64.ActiveCfg = Release|Any CPU
		{84439FF9-8EDC-4C8E-BCD9-526AAAC95F79}.Release|x64.Build.0 = Release|Any CPU
		{84439FF9-8EDC-4C8E-BCD9-526AAAC95F79}.Release|x86.ActiveCfg = Release|Any CPU
		{84439FF9-8EDC-4C8E-BCD9-526AAAC95F79}.Release|x86.Build.0 = Release|Any CPU
		{B4530D95-D303-4557-BB18-833CE95E5544}.Debug|Any CPU.ActiveCfg = Debug|x64
		{B4530D95-D303-4557-BB18-833CE95E5544}.Debug|Any CPU.Build.0 = Debug|x64
		{B4530D95-D303-4557-BB18-833CE95E5544}.Debug|Any CPU.Deploy.0 = Debug|x64
		{B4530D95-D303-4557-BB18-833CE95E5544}.Debug|ARM64.ActiveCfg = Debug|ARM64
		{B4530D95-D303-4557-BB18-833CE95E5544}.Debug|ARM64.Build.0 = Debug|ARM64
		{B4530D95-D303-4557-BB18-833CE95E5544}.Debug|ARM64.Deploy.0 = Debug|ARM64
		{B4530D95-D303-4557-BB18-833CE95E5544}.Debug|x64.ActiveCfg = Debug|x64
		{B4530D95-D303-4557-BB18-833CE95E5544}.Debug|x64.Build.0 = Debug|x64
		{B4530D95-D303-4557-BB18-833CE95E5544}.Debug|x64.Deploy.0 = Debug|x64
		{B4530D95-D303-4557-BB18-833CE95E5544}.Debug|x86.ActiveCfg = Debug|x86
		{B4530D95-D303-4557-BB18-833CE95E5544}.Debug|x86.Build.0 = Debug|x86
		{B4530D95-D303-4557-BB18-833CE95E5544}.Debug|x86.Deploy.0 = Debug|x86
		{B4530D95-D303-4557-BB18-833CE95E5544}.Release|Any CPU.ActiveCfg = Release|x64
		{B4530D95-D303-4557-BB18-833CE95E5544}.Release|Any CPU.Build.0 = Release|x64
		{B4530D95-D303-4557-BB18-833CE95E5544}.Release|Any CPU.Deploy.0 = Release|x64
		{B4530D95-D303-4557-BB18-833CE95E5544}.Release|ARM64.ActiveCfg = Release|ARM64
		{B4530D95-D303-4557-BB18-833CE95E5544}.Release|ARM64.Build.0 = Release|ARM64
		{B4530D95-D303-4557-BB18-833CE95E5544}.Release|ARM64.Deploy.0 = Release|ARM64
		{B4530D95-D303-4557-BB18-833CE95E5544}.Release|x64.ActiveCfg = Release|x64
		{B4530D95-D303-4557-BB18-833CE95E5544}.Release|x64.Build.0 = Release|x64
		{B4530D95-D303-4557-BB18-833CE95E5544}.Release|x64.Deploy.0 = Release|x64
		{B4530D95-D303-4557-BB18-833CE95E5544}.Release|x86.ActiveCfg = Release|x86
		{B4530D95-D303-4557-BB18-833CE95E5544}.Release|x86.Build.0 = Release|x86
		{B4530D95-D303-4557-BB18-833CE95E5544}.Release|x86.Deploy.0 = Release|x86
		{E2C21AA1-FA41-4FC0-B822-CF46858B38F3}.Debug|Any CPU.ActiveCfg = Debug|Any CPU
		{E2C21AA1-FA41-4FC0-B822-CF46858B38F3}.Debug|Any CPU.Build.0 = Debug|Any CPU
		{E2C21AA1-FA41-4FC0-B822-CF46858B38F3}.Debug|ARM64.ActiveCfg = Debug|Any CPU
		{E2C21AA1-FA41-4FC0-B822-CF46858B38F3}.Debug|ARM64.Build.0 = Debug|Any CPU
		{E2C21AA1-FA41-4FC0-B822-CF46858B38F3}.Debug|x64.ActiveCfg = Debug|Any CPU
		{E2C21AA1-FA41-4FC0-B822-CF46858B38F3}.Debug|x64.Build.0 = Debug|Any CPU
		{E2C21AA1-FA41-4FC0-B822-CF46858B38F3}.Debug|x86.ActiveCfg = Debug|Any CPU
		{E2C21AA1-FA41-4FC0-B822-CF46858B38F3}.Debug|x86.Build.0 = Debug|Any CPU
		{E2C21AA1-FA41-4FC0-B822-CF46858B38F3}.Release|Any CPU.ActiveCfg = Release|Any CPU
		{E2C21AA1-FA41-4FC0-B822-CF46858B38F3}.Release|Any CPU.Build.0 = Release|Any CPU
		{E2C21AA1-FA41-4FC0-B822-CF46858B38F3}.Release|ARM64.ActiveCfg = Release|Any CPU
		{E2C21AA1-FA41-4FC0-B822-CF46858B38F3}.Release|ARM64.Build.0 = Release|Any CPU
		{E2C21AA1-FA41-4FC0-B822-CF46858B38F3}.Release|x64.ActiveCfg = Release|Any CPU
		{E2C21AA1-FA41-4FC0-B822-CF46858B38F3}.Release|x64.Build.0 = Release|Any CPU
		{E2C21AA1-FA41-4FC0-B822-CF46858B38F3}.Release|x86.ActiveCfg = Release|Any CPU
		{E2C21AA1-FA41-4FC0-B822-CF46858B38F3}.Release|x86.Build.0 = Release|Any CPU
		{CA616CC6-2127-4DF8-94BF-CC0D5233983B}.Debug|Any CPU.ActiveCfg = Debug|Any CPU
		{CA616CC6-2127-4DF8-94BF-CC0D5233983B}.Debug|Any CPU.Build.0 = Debug|Any CPU
		{CA616CC6-2127-4DF8-94BF-CC0D5233983B}.Debug|ARM64.ActiveCfg = Debug|Any CPU
		{CA616CC6-2127-4DF8-94BF-CC0D5233983B}.Debug|ARM64.Build.0 = Debug|Any CPU
		{CA616CC6-2127-4DF8-94BF-CC0D5233983B}.Debug|x64.ActiveCfg = Debug|Any CPU
		{CA616CC6-2127-4DF8-94BF-CC0D5233983B}.Debug|x64.Build.0 = Debug|Any CPU
		{CA616CC6-2127-4DF8-94BF-CC0D5233983B}.Debug|x86.ActiveCfg = Debug|Any CPU
		{CA616CC6-2127-4DF8-94BF-CC0D5233983B}.Debug|x86.Build.0 = Debug|Any CPU
		{CA616CC6-2127-4DF8-94BF-CC0D5233983B}.Release|Any CPU.ActiveCfg = Release|Any CPU
		{CA616CC6-2127-4DF8-94BF-CC0D5233983B}.Release|Any CPU.Build.0 = Release|Any CPU
		{CA616CC6-2127-4DF8-94BF-CC0D5233983B}.Release|ARM64.ActiveCfg = Release|Any CPU
		{CA616CC6-2127-4DF8-94BF-CC0D5233983B}.Release|ARM64.Build.0 = Release|Any CPU
		{CA616CC6-2127-4DF8-94BF-CC0D5233983B}.Release|x64.ActiveCfg = Release|Any CPU
		{CA616CC6-2127-4DF8-94BF-CC0D5233983B}.Release|x64.Build.0 = Release|Any CPU
		{CA616CC6-2127-4DF8-94BF-CC0D5233983B}.Release|x86.ActiveCfg = Release|Any CPU
		{CA616CC6-2127-4DF8-94BF-CC0D5233983B}.Release|x86.Build.0 = Release|Any CPU
	EndGlobalSection
	GlobalSection(SolutionProperties) = preSolution
		HideSolutionNode = FALSE
	EndGlobalSection
	GlobalSection(NestedProjects) = preSolution
		{E2C21AA1-FA41-4FC0-B822-CF46858B38F3} = {30A1549F-A887-4DF3-AD99-EAD8F1C9BCAD}
	EndGlobalSection
EndGlobal
